// !$*UTF8*$!
{
	archiveVersion = 1;
	classes = {
	};
	objectVersion = 46;
	objects = {

/* Begin PBXBuildFile section */
		EC42FE801C7807BA0044DBDF /* AppDelegate.swift in Sources */ = {isa = PBXBuildFile; fileRef = EC42FE7F1C7807BA0044DBDF /* AppDelegate.swift */; };
		EC42FE821C7807BA0044DBDF /* ViewController.swift in Sources */ = {isa = PBXBuildFile; fileRef = EC42FE811C7807BA0044DBDF /* ViewController.swift */; };
		EC42FE851C7807BA0044DBDF /* Main.storyboard in Resources */ = {isa = PBXBuildFile; fileRef = EC42FE831C7807BA0044DBDF /* Main.storyboard */; };
		EC42FE871C7807BA0044DBDF /* Assets.xcassets in Resources */ = {isa = PBXBuildFile; fileRef = EC42FE861C7807BA0044DBDF /* Assets.xcassets */; };
		EC42FE8A1C7807BA0044DBDF /* LaunchScreen.storyboard in Resources */ = {isa = PBXBuildFile; fileRef = EC42FE881C7807BA0044DBDF /* LaunchScreen.storyboard */; };
		EC42FE931C78BE620044DBDF /* RockwellStd.otf in Resources */ = {isa = PBXBuildFile; fileRef = EC42FE921C78BE620044DBDF /* RockwellStd.otf */; };
/* End PBXBuildFile section */

/* Begin PBXFileReference section */
		EC42FE7C1C7807BA0044DBDF /* places.app */ = {isa = PBXFileReference; explicitFileType = wrapper.application; includeInIndex = 0; path = places.app; sourceTree = BUILT_PRODUCTS_DIR; };
		EC42FE7F1C7807BA0044DBDF /* AppDelegate.swift */ = {isa = PBXFileReference; lastKnownFileType = sourcecode.swift; path = AppDelegate.swift; sourceTree = "<group>"; };
		EC42FE811C7807BA0044DBDF /* ViewController.swift */ = {isa = PBXFileReference; lastKnownFileType = sourcecode.swift; path = ViewController.swift; sourceTree = "<group>"; };
		EC42FE841C7807BA0044DBDF /* Base */ = {isa = PBXFileReference; lastKnownFileType = file.storyboard; name = Base; path = Base.lproj/Main.storyboard; sourceTree = "<group>"; };
		EC42FE861C7807BA0044DBDF /* Assets.xcassets */ = {isa = PBXFileReference; lastKnownFileType = folder.assetcatalog; path = Assets.xcassets; sourceTree = "<group>"; };
		EC42FE891C7807BA0044DBDF /* Base */ = {isa = PBXFileReference; lastKnownFileType = file.storyboard; name = Base; path = Base.lproj/LaunchScreen.storyboard; sourceTree = "<group>"; };
		EC42FE8B1C7807BA0044DBDF /* Info.plist */ = {isa = PBXFileReference; lastKnownFileType = text.plist.xml; path = Info.plist; sourceTree = "<group>"; };
		EC42FE921C78BE620044DBDF /* RockwellStd.otf */ = {isa = PBXFileReference; lastKnownFileType = file; path = RockwellStd.otf; sourceTree = "<group>"; };
/* End PBXFileReference section */

/* Begin PBXFrameworksBuildPhase section */
		EC42FE791C7807BA0044DBDF /* Frameworks */ = {
			isa = PBXFrameworksBuildPhase;
			buildActionMask = 2147483647;
			files = (
			);
			runOnlyForDeploymentPostprocessing = 0;
		};
/* End PBXFrameworksBuildPhase section */

/* Begin PBXGroup section */
		EC42FE731C7807BA0044DBDF = {
			isa = PBXGroup;
			children = (
				EC42FE7E1C7807BA0044DBDF /* places */,
				EC42FE7D1C7807BA0044DBDF /* Products */,
			);
			sourceTree = "<group>";
		};
		EC42FE7D1C7807BA0044DBDF /* Products */ = {
			isa = PBXGroup;
			children = (
				EC42FE7C1C7807BA0044DBDF /* places.app */,
			);
			name = Products;
			sourceTree = "<group>";
		};
		EC42FE7E1C7807BA0044DBDF /* places */ = {
			isa = PBXGroup;
			children = (
				EC42FE911C78BE4C0044DBDF /* Resources */,
				EC42FE7F1C7807BA0044DBDF /* AppDelegate.swift */,
				EC42FE811C7807BA0044DBDF /* ViewController.swift */,
				EC42FE831C7807BA0044DBDF /* Main.storyboard */,
				EC42FE861C7807BA0044DBDF /* Assets.xcassets */,
				EC42FE881C7807BA0044DBDF /* LaunchScreen.storyboard */,
				EC42FE8B1C7807BA0044DBDF /* Info.plist */,
			);
			path = places;
			sourceTree = "<group>";
		};
		EC42FE911C78BE4C0044DBDF /* Resources */ = {
			isa = PBXGroup;
			children = (
				EC42FE921C78BE620044DBDF /* RockwellStd.otf */,
			);
			name = Resources;
			sourceTree = "<group>";
		};
/* End PBXGroup section */

/* Begin PBXNativeTarget section */
		EC42FE7B1C7807BA0044DBDF /* places */ = {
			isa = PBXNativeTarget;
			buildConfigurationList = EC42FE8E1C7807BA0044DBDF /* Build configuration list for PBXNativeTarget "places" */;
			buildPhases = (
				EC42FE781C7807BA0044DBDF /* Sources */,
				EC42FE791C7807BA0044DBDF /* Frameworks */,
				EC42FE7A1C7807BA0044DBDF /* Resources */,
			);
			buildRules = (
			);
			dependencies = (
			);
			name = places;
			productName = places;
			productReference = EC42FE7C1C7807BA0044DBDF /* places.app */;
			productType = "com.apple.product-type.application";
		};
/* End PBXNativeTarget section */

/* Begin PBXProject section */
		EC42FE741C7807BA0044DBDF /* Project object */ = {
			isa = PBXProject;
			attributes = {
				LastSwiftUpdateCheck = 0720;
				LastUpgradeCheck = 0720;
				ORGANIZATIONNAME = itsyogesh;
				TargetAttributes = {
					EC42FE7B1C7807BA0044DBDF = {
						CreatedOnToolsVersion = 7.2.1;
						DevelopmentTeam = A9AQR2D4B5;
					};
				};
			};
			buildConfigurationList = EC42FE771C7807BA0044DBDF /* Build configuration list for PBXProject "places" */;
			compatibilityVersion = "Xcode 3.2";
			developmentRegion = English;
			hasScannedForEncodings = 0;
			knownRegions = (
				en,
				Base,
			);
			mainGroup = EC42FE731C7807BA0044DBDF;
			productRefGroup = EC42FE7D1C7807BA0044DBDF /* Products */;
			projectDirPath = "";
			projectRoot = "";
			targets = (
				EC42FE7B1C7807BA0044DBDF /* places */,
			);
		};
/* End PBXProject section */

/* Begin PBXResourcesBuildPhase section */
		EC42FE7A1C7807BA0044DBDF /* Resources */ = {
			isa = PBXResourcesBuildPhase;
			buildActionMask = 2147483647;
			files = (
				EC42FE931C78BE620044DBDF /* RockwellStd.otf in Resources */,
				EC42FE8A1C7807BA0044DBDF /* LaunchScreen.storyboard in Resources */,
				EC42FE871C7807BA0044DBDF /* Assets.xcassets in Resources */,
				EC42FE851C7807BA0044DBDF /* Main.storyboard in Resources */,
			);
			runOnlyForDeploymentPostprocessing = 0;
		};
/* End PBXResourcesBuildPhase section */

/* Begin PBXSourcesBuildPhase section */
		EC42FE781C7807BA0044DBDF /* Sources */ = {
			isa = PBXSourcesBuildPhase;
			buildActionMask = 2147483647;
			files = (
				EC42FE821C7807BA0044DBDF /* ViewController.swift in Sources */,
				EC42FE801C7807BA0044DBDF /* AppDelegate.swift in Sources */,
			);
			runOnlyForDeploymentPostprocessing = 0;
		};
/* End PBXSourcesBuildPhase section */

/* Begin PBXVariantGroup section */
		EC42FE831C7807BA0044DBDF /* Main.storyboard */ = {
			isa = PBXVariantGroup;
			children = (
				EC42FE841C7807BA0044DBDF /* Base */,
			);
			name = Main.storyboard;
			sourceTree = "<group>";
		};
		EC42FE881C7807BA0044DBDF /* LaunchScreen.storyboard */ = {
			isa = PBXVariantGroup;
			children = (
				EC42FE891C7807BA0044DBDF /* Base */,
			);
			name = LaunchScreen.storyboard;
			sourceTree = "<group>";
		};
/* End PBXVariantGroup section */

/* Begin XCBuildConfiguration section */
		EC42FE8C1C7807BA0044DBDF /* Debug */ = {
			isa = XCBuildConfiguration;
			buildSettings = {
				ALWAYS_SEARCH_USER_PATHS = NO;
				CLANG_CXX_LANGUAGE_STANDARD = "gnu++0x";
				CLANG_CXX_LIBRARY = "libc++";
				CLANG_ENABLE_MODULES = YES;
				CLANG_ENABLE_OBJC_ARC = YES;
				CLANG_WARN_BOOL_CONVERSION = YES;
				CLANG_WARN_CONSTANT_CONVERSION = YES;
				CLANG_WARN_DIRECT_OBJC_ISA_USAGE = YES_ERROR;
				CLANG_WARN_EMPTY_BODY = YES;
				CLANG_WARN_ENUM_CONVERSION = YES;
				CLANG_WARN_INT_CONVERSION = YES;
				CLANG_WARN_OBJC_ROOT_CLASS = YES_ERROR;
				CLANG_WARN_UNREACHABLE_CODE = YES;
				CLANG_WARN__DUPLICATE_METHOD_MATCH = YES;
				"CODE_SIGN_IDENTITY[sdk=iphoneos*]" = "iPhone Developer";
				COPY_PHASE_STRIP = NO;
				DEBUG_INFORMATION_FORMAT = dwarf;
				ENABLE_STRICT_OBJC_MSGSEND = YES;
				ENABLE_TESTABILITY = YES;
				GCC_C_LANGUAGE_STANDARD = gnu99;
				GCC_DYNAMIC_NO_PIC = NO;
				GCC_NO_COMMON_BLOCKS = YES;
				GCC_OPTIMIZATION_LEVEL = 0;
				GCC_PREPROCESSOR_DEFINITIONS = (
					"DEBUG=1",
					"$(inherited)",
				);
				GCC_WARN_64_TO_32_BIT_CONVERSION = YES;
				GCC_WARN_ABOUT_RETURN_TYPE = YES_ERROR;
				GCC_WARN_UNDECLARED_SELECTOR = YES;
				GCC_WARN_UNINITIALIZED_AUTOS = YES_AGGRESSIVE;
				GCC_WARN_UNUSED_FUNCTION = YES;
				GCC_WARN_UNUSED_VARIABLE = YES;
				IPHONEOS_DEPLOYMENT_TARGET = 9.2;
				MTL_ENABLE_DEBUG_INFO = YES;
				ONLY_ACTIVE_ARCH = YES;
				SDKROOT = iphoneos;
				SWIFT_OPTIMIZATION_LEVEL = "-Onone";
				TARGETED_DEVICE_FAMILY = "1,2";
			};
			name = Debug;
		};
		EC42FE8D1C7807BA0044DBDF /* Release */ = {
			isa = XCBuildConfiguration;
			buildSettings = {
				ALWAYS_SEARCH_USER_PATHS = NO;
				CLANG_CXX_LANGUAGE_STANDARD = "gnu++0x";
				CLANG_CXX_LIBRARY = "libc++";
				CLANG_ENABLE_MODULES = YES;
				CLANG_ENABLE_OBJC_ARC = YES;
				CLANG_WARN_BOOL_CONVERSION = YES;
				CLANG_WARN_CONSTANT_CONVERSION = YES;
				CLANG_WARN_DIRECT_OBJC_ISA_USAGE = YES_ERROR;
				CLANG_WARN_EMPTY_BODY = YES;
				CLANG_WARN_ENUM_CONVERSION = YES;
				CLANG_WARN_INT_CONVERSION = YES;
				CLANG_WARN_OBJC_ROOT_CLASS = YES_ERROR;
				CLANG_WARN_UNREACHABLE_CODE = YES;
				CLANG_WARN__DUPLICATE_METHOD_MATCH = YES;
				"CODE_SIGN_IDENTITY[sdk=iphoneos*]" = "iPhone Developer";
				COPY_PHASE_STRIP = NO;
				DEBUG_INFORMATION_FORMAT = "dwarf-with-dsym";
				ENABLE_NS_ASSERTIONS = NO;
				ENABLE_STRICT_OBJC_MSGSEND = YES;
				GCC_C_LANGUAGE_STANDARD = gnu99;
				GCC_NO_COMMON_BLOCKS = YES;
				GCC_WARN_64_TO_32_BIT_CONVERSION = YES;
				GCC_WARN_ABOUT_RETURN_TYPE = YES_ERROR;
				GCC_WARN_UNDECLARED_SELECTOR = YES;
				GCC_WARN_UNINITIALIZED_AUTOS = YES_AGGRESSIVE;
				GCC_WARN_UNUSED_FUNCTION = YES;
				GCC_WARN_UNUSED_VARIABLE = YES;
				IPHONEOS_DEPLOYMENT_TARGET = 9.2;
				MTL_ENABLE_DEBUG_INFO = NO;
				SDKROOT = iphoneos;
				TARGETED_DEVICE_FAMILY = "1,2";
				VALIDATE_PRODUCT = YES;
			};
			name = Release;
		};
		EC42FE8F1C7807BA0044DBDF /* Debug */ = {
			isa = XCBuildConfiguration;
			buildSettings = {
				ASSETCATALOG_COMPILER_APPICON_NAME = AppIcon;
				INFOPLIST_FILE = places/Info.plist;
				LD_RUNPATH_SEARCH_PATHS = "$(inherited) @executable_path/Frameworks";
				PRODUCT_BUNDLE_IDENTIFIER = com.itsyogesh.places;
				PRODUCT_NAME = "$(TARGET_NAME)";
			};
			name = Debug;
		};
		EC42FE901C7807BA0044DBDF /* Release */ = {
			isa = XCBuildConfiguration;
			buildSettings = {
				ASSETCATALOG_COMPILER_APPICON_NAME = AppIcon;
				INFOPLIST_FILE = places/Info.plist;
				LD_RUNPATH_SEARCH_PATHS = "$(inherited) @executable_path/Frameworks";
				PRODUCT_BUNDLE_IDENTIFIER = com.itsyogesh.places;
				PRODUCT_NAME = "$(TARGET_NAME)";
			};
			name = Release;
		};
/* End XCBuildConfiguration section */

/* Begin XCConfigurationList section */
		EC42FE771C7807BA0044DBDF /* Build configuration list for PBXProject "places" */ = {
			isa = XCConfigurationList;
			buildConfigurations = (
				EC42FE8C1C7807BA0044DBDF /* Debug */,
				EC42FE8D1C7807BA0044DBDF /* Release */,
			);
			defaultConfigurationIsVisible = 0;
			defaultConfigurationName = Release;
		};
		EC42FE8E1C7807BA0044DBDF /* Build configuration list for PBXNativeTarget "places" */ = {
			isa = XCConfigurationList;
			buildConfigurations = (
				EC42FE8F1C7807BA0044DBDF /* Debug */,
				EC42FE901C7807BA0044DBDF /* Release */,
			);
			defaultConfigurationIsVisible = 0;
		};
/* End XCConfigurationList section */
	};
	rootObject = EC42FE741C7807BA0044DBDF /* Project object */;
}
